<Solution>
  <Folder Name="/src/">
    <Project Path="src/MHWildsOptimizer.Api/MHWildsOptimizer.Api.csproj" />
    <Project Path="src/MHWildsOptimizer.Cli/MHWildsOptimizer.Cli.csproj" />
    <Project Path="src/MHWildsOptimizer.Core/MHWildsOptimizer.Core.csproj" />
    <Project Path="src/MHWildsOptimizer.Web/MHWildsOptimizer.Web.csproj" />
  </Folder>
  <Folder Name="/tests/">
    <Project Path="tests/MHWildsOptimizer.Tests/MHWildsOptimizer.Tests.csproj" />
    <Project Path="tests/MHWildsOptimizer.Web.Tests/MHWildsOptimizer.Web.Tests.csproj" />
  </Folder>
</Solution>
